
Microsoft Visual Studio Solution File, Format Version 12.00
# Visual Studio 2012
Project("{FAE04EC0-301F-11D3-BF4B-00C04F79EFBC}") = "easyIcon", "easyIcon\easyIcon.csproj", "{F7F12918-53BC-4E35-83FB-61C4A8033F3C}"
EndProject
Global
	GlobalSection(SolutionConfigurationPlatforms) = preSolution
		Debug|Any CPU = Debug|Any CPU
		Release|Any CPU = Release|Any CPU
	EndGlobalSection
	GlobalSection(ProjectConfigurationPlatforms) = postSolution
		{F7F12918-53BC-4E35-83FB-61C4A8033F3C}.Debug|Any CPU.ActiveCfg = Debug|Any CPU
		{F7F12918-53BC-4E35-83FB-61C4A8033F3C}.Debug|Any CPU.Build.0 = Debug|Any CPU
		{F7F12918-53BC-4E35-83FB-61C4A8033F3C}.Release|Any CPU.ActiveCfg = Release|Any CPU
		{F7F12918-53BC-4E35-83FB-61C4A8033F3C}.Release|Any CPU.Build.0 = Release|Any CPU
	EndGlobalSection
	GlobalSection(SolutionProperties) = preSolution
		HideSolutionNode = FALSE
	EndGlobalSection
EndGlobal
